// !$*UTF8*$!
{
	archiveVersion = 1;
	classes = {
	};
	objectVersion = 56;
	objects = {

/* Begin PBXBuildFile section */
		F41241FE2BEA879A00B59628 /* CentralManagerDelegate.swift in Sources */ = {isa = PBXBuildFile; fileRef = F41241FD2BEA879A00B59628 /* CentralManagerDelegate.swift */; };
		F41F7C252BF3EE2C000F08B4 /* BHT CaseText-Regular.otf in Resources */ = {isa = PBXBuildFile; fileRef = F41F7C1D2BF3EE2C000F08B4 /* BHT CaseText-Regular.otf */; };
		F41F7C262BF3EE2C000F08B4 /* BHT CaseText-BoldItalic.otf in Resources */ = {isa = PBXBuildFile; fileRef = F41F7C1E2BF3EE2C000F08B4 /* BHT CaseText-BoldItalic.otf */; };
		F41F7C272BF3EE2C000F08B4 /* BHT CaseText-Italic.otf in Resources */ = {isa = PBXBuildFile; fileRef = F41F7C1F2BF3EE2C000F08B4 /* BHT CaseText-Italic.otf */; };
		F41F7C282BF3EE2C000F08B4 /* BHT CaseMicro-BoldItalic.otf in Resources */ = {isa = PBXBuildFile; fileRef = F41F7C202BF3EE2C000F08B4 /* BHT CaseMicro-BoldItalic.otf */; };
		F41F7C292BF3EE2C000F08B4 /* BHT CaseText-Bold.otf in Resources */ = {isa = PBXBuildFile; fileRef = F41F7C212BF3EE2C000F08B4 /* BHT CaseText-Bold.otf */; };
		F41F7C2A2BF3EE2C000F08B4 /* BHT CaseMicro-Bold.otf in Resources */ = {isa = PBXBuildFile; fileRef = F41F7C222BF3EE2C000F08B4 /* BHT CaseMicro-Bold.otf */; };
		F41F7C2B2BF3EE2C000F08B4 /* BHT CaseMicro-Italic.otf in Resources */ = {isa = PBXBuildFile; fileRef = F41F7C232BF3EE2C000F08B4 /* BHT CaseMicro-Italic.otf */; };
		F41F7C2C2BF3EE2C000F08B4 /* BHT CaseMicro-Regular.otf in Resources */ = {isa = PBXBuildFile; fileRef = F41F7C242BF3EE2C000F08B4 /* BHT CaseMicro-Regular.otf */; };
		F4369ED32BE549DF00852AEC /* App.swift in Sources */ = {isa = PBXBuildFile; fileRef = F4369ED22BE549DF00852AEC /* App.swift */; };
		F4369ED52BE549DF00852AEC /* ContentView.swift in Sources */ = {isa = PBXBuildFile; fileRef = F4369ED42BE549DF00852AEC /* ContentView.swift */; };
		F4369ED72BE549E000852AEC /* Assets.xcassets in Resources */ = {isa = PBXBuildFile; fileRef = F4369ED62BE549E000852AEC /* Assets.xcassets */; };
		F4369EDA2BE549E000852AEC /* Preview Assets.xcassets in Resources */ = {isa = PBXBuildFile; fileRef = F4369ED92BE549E000852AEC /* Preview Assets.xcassets */; };
		F45058DC2C1B8E5100DCE851 /* Utils.swift in Sources */ = {isa = PBXBuildFile; fileRef = F45058DB2C1B8E5100DCE851 /* Utils.swift */; };
		F484D7C12BEE4D6E0070E613 /* BluetoothManager.swift in Sources */ = {isa = PBXBuildFile; fileRef = F484D7C02BEE4D6E0070E613 /* BluetoothManager.swift */; };
		F4D740932C2C53CC0035A8AE /* Evaluation.swift in Sources */ = {isa = PBXBuildFile; fileRef = F4D740922C2C53CC0035A8AE /* Evaluation.swift */; };
		F4D839AE2C175D4B00D1CF21 /* NotificationManager.swift in Sources */ = {isa = PBXBuildFile; fileRef = F4D839AD2C175D4B00D1CF21 /* NotificationManager.swift */; };
		F4D839B02C19ED4F00D1CF21 /* AddressModel.swift in Sources */ = {isa = PBXBuildFile; fileRef = F4D839AF2C19ED4F00D1CF21 /* AddressModel.swift */; };
		F4E3E8D52C2204D40053E693 /* NotificationModel.swift in Sources */ = {isa = PBXBuildFile; fileRef = F4E3E8D42C2204D40053E693 /* NotificationModel.swift */; };
		F4F5517A2BE68726008A5860 /* PeripheralManagerDelegate.swift in Sources */ = {isa = PBXBuildFile; fileRef = F4F551792BE68726008A5860 /* PeripheralManagerDelegate.swift */; };
/* End PBXBuildFile section */

/* Begin PBXFileReference section */
		F41241FD2BEA879A00B59628 /* CentralManagerDelegate.swift */ = {isa = PBXFileReference; lastKnownFileType = sourcecode.swift; path = CentralManagerDelegate.swift; sourceTree = "<group>"; };
		F41242062BEAAF4200B59628 /* README.md */ = {isa = PBXFileReference; lastKnownFileType = net.daringfireball.markdown; path = README.md; sourceTree = "<group>"; };
		F41F7C1D2BF3EE2C000F08B4 /* BHT CaseText-Regular.otf */ = {isa = PBXFileReference; lastKnownFileType = file; path = "BHT CaseText-Regular.otf"; sourceTree = "<group>"; };
		F41F7C1E2BF3EE2C000F08B4 /* BHT CaseText-BoldItalic.otf */ = {isa = PBXFileReference; lastKnownFileType = file; path = "BHT CaseText-BoldItalic.otf"; sourceTree = "<group>"; };
		F41F7C1F2BF3EE2C000F08B4 /* BHT CaseText-Italic.otf */ = {isa = PBXFileReference; lastKnownFileType = file; path = "BHT CaseText-Italic.otf"; sourceTree = "<group>"; };
		F41F7C202BF3EE2C000F08B4 /* BHT CaseMicro-BoldItalic.otf */ = {isa = PBXFileReference; lastKnownFileType = file; path = "BHT CaseMicro-BoldItalic.otf"; sourceTree = "<group>"; };
		F41F7C212BF3EE2C000F08B4 /* BHT CaseText-Bold.otf */ = {isa = PBXFileReference; lastKnownFileType = file; path = "BHT CaseText-Bold.otf"; sourceTree = "<group>"; };
		F41F7C222BF3EE2C000F08B4 /* BHT CaseMicro-Bold.otf */ = {isa = PBXFileReference; lastKnownFileType = file; path = "BHT CaseMicro-Bold.otf"; sourceTree = "<group>"; };
		F41F7C232BF3EE2C000F08B4 /* BHT CaseMicro-Italic.otf */ = {isa = PBXFileReference; lastKnownFileType = file; path = "BHT CaseMicro-Italic.otf"; sourceTree = "<group>"; };
		F41F7C242BF3EE2C000F08B4 /* BHT CaseMicro-Regular.otf */ = {isa = PBXFileReference; lastKnownFileType = file; path = "BHT CaseMicro-Regular.otf"; sourceTree = "<group>"; };
		F4369ECF2BE549DF00852AEC /* bleep-eval.app */ = {isa = PBXFileReference; explicitFileType = wrapper.application; includeInIndex = 0; path = "bleep-eval.app"; sourceTree = BUILT_PRODUCTS_DIR; };
		F4369ED22BE549DF00852AEC /* App.swift */ = {isa = PBXFileReference; lastKnownFileType = sourcecode.swift; path = App.swift; sourceTree = "<group>"; };
		F4369ED42BE549DF00852AEC /* ContentView.swift */ = {isa = PBXFileReference; lastKnownFileType = sourcecode.swift; path = ContentView.swift; sourceTree = "<group>"; };
		F4369ED62BE549E000852AEC /* Assets.xcassets */ = {isa = PBXFileReference; lastKnownFileType = folder.assetcatalog; path = Assets.xcassets; sourceTree = "<group>"; };
		F4369ED92BE549E000852AEC /* Preview Assets.xcassets */ = {isa = PBXFileReference; lastKnownFileType = folder.assetcatalog; path = "Preview Assets.xcassets"; sourceTree = "<group>"; };
		F45058DB2C1B8E5100DCE851 /* Utils.swift */ = {isa = PBXFileReference; lastKnownFileType = sourcecode.swift; path = Utils.swift; sourceTree = "<group>"; };
		F4711FBC2BE56443007FEACD /* Info.plist */ = {isa = PBXFileReference; lastKnownFileType = text.plist; path = Info.plist; sourceTree = "<group>"; };
		F484D7C02BEE4D6E0070E613 /* BluetoothManager.swift */ = {isa = PBXFileReference; lastKnownFileType = sourcecode.swift; path = BluetoothManager.swift; sourceTree = "<group>"; };
		F4D740922C2C53CC0035A8AE /* Evaluation.swift */ = {isa = PBXFileReference; lastKnownFileType = sourcecode.swift; path = Evaluation.swift; sourceTree = "<group>"; };
		F4D839AD2C175D4B00D1CF21 /* NotificationManager.swift */ = {isa = PBXFileReference; lastKnownFileType = sourcecode.swift; path = NotificationManager.swift; sourceTree = "<group>"; };
		F4D839AF2C19ED4F00D1CF21 /* AddressModel.swift */ = {isa = PBXFileReference; lastKnownFileType = sourcecode.swift; path = AddressModel.swift; sourceTree = "<group>"; };
		F4E3E8D42C2204D40053E693 /* NotificationModel.swift */ = {isa = PBXFileReference; lastKnownFileType = sourcecode.swift; path = NotificationModel.swift; sourceTree = "<group>"; };
		F4F551792BE68726008A5860 /* PeripheralManagerDelegate.swift */ = {isa = PBXFileReference; lastKnownFileType = sourcecode.swift; path = PeripheralManagerDelegate.swift; sourceTree = "<group>"; };
/* End PBXFileReference section */

/* Begin PBXFrameworksBuildPhase section */
		F4369ECC2BE549DF00852AEC /* Frameworks */ = {
			isa = PBXFrameworksBuildPhase;
			buildActionMask = 2147483647;
			files = (
			);
			runOnlyForDeploymentPostprocessing = 0;
		};
/* End PBXFrameworksBuildPhase section */

/* Begin PBXGroup section */
		F41F7C2F2BF3EE5B000F08B4 /* Fonts */ = {
			isa = PBXGroup;
			children = (
				F41F7C222BF3EE2C000F08B4 /* BHT CaseMicro-Bold.otf */,
				F41F7C202BF3EE2C000F08B4 /* BHT CaseMicro-BoldItalic.otf */,
				F41F7C232BF3EE2C000F08B4 /* BHT CaseMicro-Italic.otf */,
				F41F7C242BF3EE2C000F08B4 /* BHT CaseMicro-Regular.otf */,
				F41F7C212BF3EE2C000F08B4 /* BHT CaseText-Bold.otf */,
				F41F7C1E2BF3EE2C000F08B4 /* BHT CaseText-BoldItalic.otf */,
				F41F7C1F2BF3EE2C000F08B4 /* BHT CaseText-Italic.otf */,
				F41F7C1D2BF3EE2C000F08B4 /* BHT CaseText-Regular.otf */,
			);
			path = Fonts;
			sourceTree = "<group>";
		};
		F4369EC62BE549DF00852AEC = {
			isa = PBXGroup;
			children = (
				F41242062BEAAF4200B59628 /* README.md */,
				F4369ED12BE549DF00852AEC /* bleep-eval */,
				F4369ED02BE549DF00852AEC /* Products */,
			);
			sourceTree = "<group>";
		};
		F4369ED02BE549DF00852AEC /* Products */ = {
			isa = PBXGroup;
			children = (
				F4369ECF2BE549DF00852AEC /* bleep-eval.app */,
			);
			name = Products;
			sourceTree = "<group>";
		};
		F4369ED12BE549DF00852AEC /* bleep-eval */ = {
			isa = PBXGroup;
			children = (
				F4369ED22BE549DF00852AEC /* App.swift */,
				F4369ED42BE549DF00852AEC /* ContentView.swift */,
				F4D839AF2C19ED4F00D1CF21 /* AddressModel.swift */,
				F4E3E8D42C2204D40053E693 /* NotificationModel.swift */,
				F4D839AD2C175D4B00D1CF21 /* NotificationManager.swift */,
				F484D7C02BEE4D6E0070E613 /* BluetoothManager.swift */,
				F4F551792BE68726008A5860 /* PeripheralManagerDelegate.swift */,
				F41241FD2BEA879A00B59628 /* CentralManagerDelegate.swift */,
				F4D740922C2C53CC0035A8AE /* Evaluation.swift */,
				F45058DB2C1B8E5100DCE851 /* Utils.swift */,
				F4711FBC2BE56443007FEACD /* Info.plist */,
				F4369ED62BE549E000852AEC /* Assets.xcassets */,
				F41F7C2F2BF3EE5B000F08B4 /* Fonts */,
				F4369ED82BE549E000852AEC /* Preview Content */,
			);
			path = "bleep-eval";
			sourceTree = "<group>";
		};
		F4369ED82BE549E000852AEC /* Preview Content */ = {
			isa = PBXGroup;
			children = (
				F4369ED92BE549E000852AEC /* Preview Assets.xcassets */,
			);
			path = "Preview Content";
			sourceTree = "<group>";
		};
/* End PBXGroup section */

/* Begin PBXNativeTarget section */
		F4369ECE2BE549DF00852AEC /* bleep-eval */ = {
			isa = PBXNativeTarget;
			buildConfigurationList = F4369EF32BE549E000852AEC /* Build configuration list for PBXNativeTarget "bleep-eval" */;
			buildPhases = (
				F4369ECB2BE549DF00852AEC /* Sources */,
				F4369ECC2BE549DF00852AEC /* Frameworks */,
				F4369ECD2BE549DF00852AEC /* Resources */,
			);
			buildRules = (
			);
			dependencies = (
			);
			name = "bleep-eval";
			packageProductDependencies = (
			);
			productName = "bleep-eval";
			productReference = F4369ECF2BE549DF00852AEC /* bleep-eval.app */;
			productType = "com.apple.product-type.application";
		};
/* End PBXNativeTarget section */

/* Begin PBXProject section */
		F4369EC72BE549DF00852AEC /* Project object */ = {
			isa = PBXProject;
			attributes = {
				BuildIndependentTargetsInParallel = 1;
				LastSwiftUpdateCheck = 1530;
				LastUpgradeCheck = 1530;
				TargetAttributes = {
					F4369ECE2BE549DF00852AEC = {
						CreatedOnToolsVersion = 15.3;
					};
				};
			};
			buildConfigurationList = F4369ECA2BE549DF00852AEC /* Build configuration list for PBXProject "bleep-eval" */;
			compatibilityVersion = "Xcode 14.0";
			developmentRegion = en;
			hasScannedForEncodings = 0;
			knownRegions = (
				en,
				Base,
			);
			mainGroup = F4369EC62BE549DF00852AEC;
			packageReferences = (
			);
			productRefGroup = F4369ED02BE549DF00852AEC /* Products */;
			projectDirPath = "";
			projectRoot = "";
			targets = (
				F4369ECE2BE549DF00852AEC /* bleep-eval */,
			);
		};
/* End PBXProject section */

/* Begin PBXResourcesBuildPhase section */
		F4369ECD2BE549DF00852AEC /* Resources */ = {
			isa = PBXResourcesBuildPhase;
			buildActionMask = 2147483647;
			files = (
				F4369EDA2BE549E000852AEC /* Preview Assets.xcassets in Resources */,
				F41F7C262BF3EE2C000F08B4 /* BHT CaseText-BoldItalic.otf in Resources */,
				F4369ED72BE549E000852AEC /* Assets.xcassets in Resources */,
				F41F7C2B2BF3EE2C000F08B4 /* BHT CaseMicro-Italic.otf in Resources */,
				F41F7C272BF3EE2C000F08B4 /* BHT CaseText-Italic.otf in Resources */,
				F41F7C2C2BF3EE2C000F08B4 /* BHT CaseMicro-Regular.otf in Resources */,
				F41F7C252BF3EE2C000F08B4 /* BHT CaseText-Regular.otf in Resources */,
				F41F7C282BF3EE2C000F08B4 /* BHT CaseMicro-BoldItalic.otf in Resources */,
				F41F7C292BF3EE2C000F08B4 /* BHT CaseText-Bold.otf in Resources */,
				F41F7C2A2BF3EE2C000F08B4 /* BHT CaseMicro-Bold.otf in Resources */,
			);
			runOnlyForDeploymentPostprocessing = 0;
		};
/* End PBXResourcesBuildPhase section */

/* Begin PBXSourcesBuildPhase section */
		F4369ECB2BE549DF00852AEC /* Sources */ = {
			isa = PBXSourcesBuildPhase;
			buildActionMask = 2147483647;
			files = (
				F4E3E8D52C2204D40053E693 /* NotificationModel.swift in Sources */,
				F4D839AE2C175D4B00D1CF21 /* NotificationManager.swift in Sources */,
				F4F5517A2BE68726008A5860 /* PeripheralManagerDelegate.swift in Sources */,
				F4D839B02C19ED4F00D1CF21 /* AddressModel.swift in Sources */,
				F4369ED52BE549DF00852AEC /* ContentView.swift in Sources */,
				F4369ED32BE549DF00852AEC /* App.swift in Sources */,
				F41241FE2BEA879A00B59628 /* CentralManagerDelegate.swift in Sources */,
				F484D7C12BEE4D6E0070E613 /* BluetoothManager.swift in Sources */,
				F45058DC2C1B8E5100DCE851 /* Utils.swift in Sources */,
				F4D740932C2C53CC0035A8AE /* Evaluation.swift in Sources */,
			);
			runOnlyForDeploymentPostprocessing = 0;
		};
/* End PBXSourcesBuildPhase section */

/* Begin XCBuildConfiguration section */
		F4369EF12BE549E000852AEC /* Debug */ = {
			isa = XCBuildConfiguration;
			buildSettings = {
				ALWAYS_SEARCH_USER_PATHS = NO;
				ASSETCATALOG_COMPILER_GENERATE_SWIFT_ASSET_SYMBOL_EXTENSIONS = YES;
				CLANG_ANALYZER_NONNULL = YES;
				CLANG_ANALYZER_NUMBER_OBJECT_CONVERSION = YES_AGGRESSIVE;
				CLANG_CXX_LANGUAGE_STANDARD = "gnu++20";
				CLANG_ENABLE_MODULES = YES;
				CLANG_ENABLE_OBJC_ARC = YES;
				CLANG_ENABLE_OBJC_WEAK = YES;
				CLANG_WARN_BLOCK_CAPTURE_AUTORELEASING = YES;
				CLANG_WARN_BOOL_CONVERSION = YES;
				CLANG_WARN_COMMA = YES;
				CLANG_WARN_CONSTANT_CONVERSION = YES;
				CLANG_WARN_DEPRECATED_OBJC_IMPLEMENTATIONS = YES;
				CLANG_WARN_DIRECT_OBJC_ISA_USAGE = YES_ERROR;
				CLANG_WARN_DOCUMENTATION_COMMENTS = YES;
				CLANG_WARN_EMPTY_BODY = YES;
				CLANG_WARN_ENUM_CONVERSION = YES;
				CLANG_WARN_INFINITE_RECURSION = YES;
				CLANG_WARN_INT_CONVERSION = YES;
				CLANG_WARN_NON_LITERAL_NULL_CONVERSION = YES;
				CLANG_WARN_OBJC_IMPLICIT_RETAIN_SELF = YES;
				CLANG_WARN_OBJC_LITERAL_CONVERSION = YES;
				CLANG_WARN_OBJC_ROOT_CLASS = YES_ERROR;
				CLANG_WARN_QUOTED_INCLUDE_IN_FRAMEWORK_HEADER = YES;
				CLANG_WARN_RANGE_LOOP_ANALYSIS = YES;
				CLANG_WARN_STRICT_PROTOTYPES = YES;
				CLANG_WARN_SUSPICIOUS_MOVE = YES;
				CLANG_WARN_UNGUARDED_AVAILABILITY = YES_AGGRESSIVE;
				CLANG_WARN_UNREACHABLE_CODE = YES;
				CLANG_WARN__DUPLICATE_METHOD_MATCH = YES;
				COPY_PHASE_STRIP = NO;
				DEBUG_INFORMATION_FORMAT = dwarf;
				ENABLE_STRICT_OBJC_MSGSEND = YES;
				ENABLE_TESTABILITY = YES;
				ENABLE_USER_SCRIPT_SANDBOXING = YES;
				GCC_C_LANGUAGE_STANDARD = gnu17;
				GCC_DYNAMIC_NO_PIC = NO;
				GCC_NO_COMMON_BLOCKS = YES;
				GCC_OPTIMIZATION_LEVEL = 0;
				GCC_PREPROCESSOR_DEFINITIONS = (
					"DEBUG=1",
					"$(inherited)",
				);
				GCC_WARN_64_TO_32_BIT_CONVERSION = YES;
				GCC_WARN_ABOUT_RETURN_TYPE = YES_ERROR;
				GCC_WARN_UNDECLARED_SELECTOR = YES;
				GCC_WARN_UNINITIALIZED_AUTOS = YES_AGGRESSIVE;
				GCC_WARN_UNUSED_FUNCTION = YES;
				GCC_WARN_UNUSED_VARIABLE = YES;
				IPHONEOS_DEPLOYMENT_TARGET = 17.4;
				LOCALIZATION_PREFERS_STRING_CATALOGS = YES;
				MTL_ENABLE_DEBUG_INFO = INCLUDE_SOURCE;
				MTL_FAST_MATH = YES;
				ONLY_ACTIVE_ARCH = YES;
				SDKROOT = iphoneos;
				SWIFT_ACTIVE_COMPILATION_CONDITIONS = "DEBUG $(inherited)";
				SWIFT_OPTIMIZATION_LEVEL = "-Onone";
			};
			name = Debug;
		};
		F4369EF22BE549E000852AEC /* Release */ = {
			isa = XCBuildConfiguration;
			buildSettings = {
				ALWAYS_SEARCH_USER_PATHS = NO;
				ASSETCATALOG_COMPILER_GENERATE_SWIFT_ASSET_SYMBOL_EXTENSIONS = YES;
				CLANG_ANALYZER_NONNULL = YES;
				CLANG_ANALYZER_NUMBER_OBJECT_CONVERSION = YES_AGGRESSIVE;
				CLANG_CXX_LANGUAGE_STANDARD = "gnu++20";
				CLANG_ENABLE_MODULES = YES;
				CLANG_ENABLE_OBJC_ARC = YES;
				CLANG_ENABLE_OBJC_WEAK = YES;
				CLANG_WARN_BLOCK_CAPTURE_AUTORELEASING = YES;
				CLANG_WARN_BOOL_CONVERSION = YES;
				CLANG_WARN_COMMA = YES;
				CLANG_WARN_CONSTANT_CONVERSION = YES;
				CLANG_WARN_DEPRECATED_OBJC_IMPLEMENTATIONS = YES;
				CLANG_WARN_DIRECT_OBJC_ISA_USAGE = YES_ERROR;
				CLANG_WARN_DOCUMENTATION_COMMENTS = YES;
				CLANG_WARN_EMPTY_BODY = YES;
				CLANG_WARN_ENUM_CONVERSION = YES;
				CLANG_WARN_INFINITE_RECURSION = YES;
				CLANG_WARN_INT_CONVERSION = YES;
				CLANG_WARN_NON_LITERAL_NULL_CONVERSION = YES;
				CLANG_WARN_OBJC_IMPLICIT_RETAIN_SELF = YES;
				CLANG_WARN_OBJC_LITERAL_CONVERSION = YES;
				CLANG_WARN_OBJC_ROOT_CLASS = YES_ERROR;
				CLANG_WARN_QUOTED_INCLUDE_IN_FRAMEWORK_HEADER = YES;
				CLANG_WARN_RANGE_LOOP_ANALYSIS = YES;
				CLANG_WARN_STRICT_PROTOTYPES = YES;
				CLANG_WARN_SUSPICIOUS_MOVE = YES;
				CLANG_WARN_UNGUARDED_AVAILABILITY = YES_AGGRESSIVE;
				CLANG_WARN_UNREACHABLE_CODE = YES;
				CLANG_WARN__DUPLICATE_METHOD_MATCH = YES;
				COPY_PHASE_STRIP = NO;
				DEBUG_INFORMATION_FORMAT = "dwarf-with-dsym";
				ENABLE_NS_ASSERTIONS = NO;
				ENABLE_STRICT_OBJC_MSGSEND = YES;
				ENABLE_USER_SCRIPT_SANDBOXING = YES;
				GCC_C_LANGUAGE_STANDARD = gnu17;
				GCC_NO_COMMON_BLOCKS = YES;
				GCC_WARN_64_TO_32_BIT_CONVERSION = YES;
				GCC_WARN_ABOUT_RETURN_TYPE = YES_ERROR;
				GCC_WARN_UNDECLARED_SELECTOR = YES;
				GCC_WARN_UNINITIALIZED_AUTOS = YES_AGGRESSIVE;
				GCC_WARN_UNUSED_FUNCTION = YES;
				GCC_WARN_UNUSED_VARIABLE = YES;
				IPHONEOS_DEPLOYMENT_TARGET = 17.4;
				LOCALIZATION_PREFERS_STRING_CATALOGS = YES;
				MTL_ENABLE_DEBUG_INFO = NO;
				MTL_FAST_MATH = YES;
				SDKROOT = iphoneos;
				SWIFT_COMPILATION_MODE = wholemodule;
				VALIDATE_PRODUCT = YES;
			};
			name = Release;
		};
		F4369EF42BE549E000852AEC /* Debug */ = {
			isa = XCBuildConfiguration;
			buildSettings = {
				ASSETCATALOG_COMPILER_APPICON_NAME = AppIcon;
				ASSETCATALOG_COMPILER_GLOBAL_ACCENT_COLOR_NAME = AccentColor;
				CODE_SIGN_STYLE = Automatic;
				CURRENT_PROJECT_VERSION = 1;
				DEVELOPMENT_ASSET_PATHS = "\"bleep-eval/Preview Content\"";
				DEVELOPMENT_TEAM = NNFJ6B47JZ;
				ENABLE_PREVIEWS = YES;
				GENERATE_INFOPLIST_FILE = YES;
				INFOPLIST_FILE = "bleep-eval/Info.plist";
				INFOPLIST_KEY_NSBluetoothAlwaysUsageDescription = "bleep nutzt Bluetooth LE um verschlüsselte Nachrichten energiesparend mit anderen iPhones auszutauschen. Bitte erlaube diese Kommunikation dauerhaft, damit das Netzwerk bestehen kann und du Nachrichten auch dann empfangen kannst, wenn die App im Hintergrund läuft.";
				INFOPLIST_KEY_UIApplicationSceneManifest_Generation = YES;
				INFOPLIST_KEY_UIApplicationSupportsIndirectInputEvents = YES;
				INFOPLIST_KEY_UILaunchScreen_Generation = YES;
				INFOPLIST_KEY_UISupportedInterfaceOrientations_iPad = "UIInterfaceOrientationPortrait UIInterfaceOrientationPortraitUpsideDown UIInterfaceOrientationLandscapeLeft UIInterfaceOrientationLandscapeRight";
				INFOPLIST_KEY_UISupportedInterfaceOrientations_iPhone = "UIInterfaceOrientationPortrait UIInterfaceOrientationLandscapeLeft UIInterfaceOrientationLandscapeRight";
				IPHONEOS_DEPLOYMENT_TARGET = 17.4;
				LD_RUNPATH_SEARCH_PATHS = (
					"$(inherited)",
					"@executable_path/Frameworks",
				);
				MARKETING_VERSION = 1.0;
				PRODUCT_BUNDLE_IDENTIFIER = "simon.bleep-eval";
				PRODUCT_NAME = "$(TARGET_NAME)";
				SWIFT_EMIT_LOC_STRINGS = YES;
				SWIFT_VERSION = 5.0;
				TARGETED_DEVICE_FAMILY = "1,2";
			};
			name = Debug;
		};
		F4369EF52BE549E000852AEC /* Release */ = {
			isa = XCBuildConfiguration;
			buildSettings = {
				ASSETCATALOG_COMPILER_APPICON_NAME = AppIcon;
				ASSETCATALOG_COMPILER_GLOBAL_ACCENT_COLOR_NAME = AccentColor;
				CODE_SIGN_STYLE = Automatic;
				CURRENT_PROJECT_VERSION = 1;
				DEVELOPMENT_ASSET_PATHS = "\"bleep-eval/Preview Content\"";
				DEVELOPMENT_TEAM = NNFJ6B47JZ;
				ENABLE_PREVIEWS = YES;
				GENERATE_INFOPLIST_FILE = YES;
				INFOPLIST_FILE = "bleep-eval/Info.plist";
				INFOPLIST_KEY_NSBluetoothAlwaysUsageDescription = "bleep nutzt Bluetooth LE um verschlüsselte Nachrichten energiesparend mit anderen iPhones auszutauschen. Bitte erlaube diese Kommunikation dauerhaft, damit das Netzwerk bestehen kann und du Nachrichten auch dann empfangen kannst, wenn die App im Hintergrund läuft.";
				INFOPLIST_KEY_UIApplicationSceneManifest_Generation = YES;
				INFOPLIST_KEY_UIApplicationSupportsIndirectInputEvents = YES;
				INFOPLIST_KEY_UILaunchScreen_Generation = YES;
				INFOPLIST_KEY_UISupportedInterfaceOrientations_iPad = "UIInterfaceOrientationPortrait UIInterfaceOrientationPortraitUpsideDown UIInterfaceOrientationLandscapeLeft UIInterfaceOrientationLandscapeRight";
				INFOPLIST_KEY_UISupportedInterfaceOrientations_iPhone = "UIInterfaceOrientationPortrait UIInterfaceOrientationLandscapeLeft UIInterfaceOrientationLandscapeRight";
				IPHONEOS_DEPLOYMENT_TARGET = 17.4;
				LD_RUNPATH_SEARCH_PATHS = (
					"$(inherited)",
					"@executable_path/Frameworks",
				);
				MARKETING_VERSION = 1.0;
				PRODUCT_BUNDLE_IDENTIFIER = "simon.bleep-eval";
				PRODUCT_NAME = "$(TARGET_NAME)";
				SWIFT_EMIT_LOC_STRINGS = YES;
				SWIFT_VERSION = 5.0;
				TARGETED_DEVICE_FAMILY = "1,2";
			};
			name = Release;
		};
/* End XCBuildConfiguration section */

/* Begin XCConfigurationList section */
		F4369ECA2BE549DF00852AEC /* Build configuration list for PBXProject "bleep-eval" */ = {
			isa = XCConfigurationList;
			buildConfigurations = (
				F4369EF12BE549E000852AEC /* Debug */,
				F4369EF22BE549E000852AEC /* Release */,
			);
			defaultConfigurationIsVisible = 0;
			defaultConfigurationName = Release;
		};
		F4369EF32BE549E000852AEC /* Build configuration list for PBXNativeTarget "bleep-eval" */ = {
			isa = XCConfigurationList;
			buildConfigurations = (
				F4369EF42BE549E000852AEC /* Debug */,
				F4369EF52BE549E000852AEC /* Release */,
			);
			defaultConfigurationIsVisible = 0;
			defaultConfigurationName = Release;
		};
/* End XCConfigurationList section */
	};
	rootObject = F4369EC72BE549DF00852AEC /* Project object */;
}
