// !$*UTF8*$!
{
	archiveVersion = 1;
	classes = {
	};
	objectVersion = 56;
	objects = {

/* Begin PBXBuildFile section */
		F4369ED32BE549DF00852AEC /* bleep_evalApp.swift in Sources */ = {isa = PBXBuildFile; fileRef = F4369ED22BE549DF00852AEC /* bleep_evalApp.swift */; };
		F4369ED52BE549DF00852AEC /* ContentView.swift in Sources */ = {isa = PBXBuildFile; fileRef = F4369ED42BE549DF00852AEC /* ContentView.swift */; };
		F4369ED72BE549E000852AEC /* Assets.xcassets in Resources */ = {isa = PBXBuildFile; fileRef = F4369ED62BE549E000852AEC /* Assets.xcassets */; };
		F4369EDA2BE549E000852AEC /* Preview Assets.xcassets in Resources */ = {isa = PBXBuildFile; fileRef = F4369ED92BE549E000852AEC /* Preview Assets.xcassets */; };
		F4369EE42BE549E000852AEC /* bleep_evalTests.swift in Sources */ = {isa = PBXBuildFile; fileRef = F4369EE32BE549E000852AEC /* bleep_evalTests.swift */; };
		F4369EEE2BE549E000852AEC /* bleep_evalUITests.swift in Sources */ = {isa = PBXBuildFile; fileRef = F4369EED2BE549E000852AEC /* bleep_evalUITests.swift */; };
		F4369EF02BE549E000852AEC /* bleep_evalUITestsLaunchTests.swift in Sources */ = {isa = PBXBuildFile; fileRef = F4369EEF2BE549E000852AEC /* bleep_evalUITestsLaunchTests.swift */; };
/* End PBXBuildFile section */

/* Begin PBXContainerItemProxy section */
		F4369EE02BE549E000852AEC /* PBXContainerItemProxy */ = {
			isa = PBXContainerItemProxy;
			containerPortal = F4369EC72BE549DF00852AEC /* Project object */;
			proxyType = 1;
			remoteGlobalIDString = F4369ECE2BE549DF00852AEC;
			remoteInfo = "bleep-eval";
		};
		F4369EEA2BE549E000852AEC /* PBXContainerItemProxy */ = {
			isa = PBXContainerItemProxy;
			containerPortal = F4369EC72BE549DF00852AEC /* Project object */;
			proxyType = 1;
			remoteGlobalIDString = F4369ECE2BE549DF00852AEC;
			remoteInfo = "bleep-eval";
		};
/* End PBXContainerItemProxy section */

/* Begin PBXFileReference section */
		F4369ECF2BE549DF00852AEC /* bleep-eval.app */ = {isa = PBXFileReference; explicitFileType = wrapper.application; includeInIndex = 0; path = "bleep-eval.app"; sourceTree = BUILT_PRODUCTS_DIR; };
		F4369ED22BE549DF00852AEC /* bleep_evalApp.swift */ = {isa = PBXFileReference; lastKnownFileType = sourcecode.swift; path = bleep_evalApp.swift; sourceTree = "<group>"; };
		F4369ED42BE549DF00852AEC /* ContentView.swift */ = {isa = PBXFileReference; lastKnownFileType = sourcecode.swift; path = ContentView.swift; sourceTree = "<group>"; };
		F4369ED62BE549E000852AEC /* Assets.xcassets */ = {isa = PBXFileReference; lastKnownFileType = folder.assetcatalog; path = Assets.xcassets; sourceTree = "<group>"; };
		F4369ED92BE549E000852AEC /* Preview Assets.xcassets */ = {isa = PBXFileReference; lastKnownFileType = folder.assetcatalog; path = "Preview Assets.xcassets"; sourceTree = "<group>"; };
		F4369EDF2BE549E000852AEC /* bleep-evalTests.xctest */ = {isa = PBXFileReference; explicitFileType = wrapper.cfbundle; includeInIndex = 0; path = "bleep-evalTests.xctest"; sourceTree = BUILT_PRODUCTS_DIR; };
		F4369EE32BE549E000852AEC /* bleep_evalTests.swift */ = {isa = PBXFileReference; lastKnownFileType = sourcecode.swift; path = bleep_evalTests.swift; sourceTree = "<group>"; };
		F4369EE92BE549E000852AEC /* bleep-evalUITests.xctest */ = {isa = PBXFileReference; explicitFileType = wrapper.cfbundle; includeInIndex = 0; path = "bleep-evalUITests.xctest"; sourceTree = BUILT_PRODUCTS_DIR; };
		F4369EED2BE549E000852AEC /* bleep_evalUITests.swift */ = {isa = PBXFileReference; lastKnownFileType = sourcecode.swift; path = bleep_evalUITests.swift; sourceTree = "<group>"; };
		F4369EEF2BE549E000852AEC /* bleep_evalUITestsLaunchTests.swift */ = {isa = PBXFileReference; lastKnownFileType = sourcecode.swift; path = bleep_evalUITestsLaunchTests.swift; sourceTree = "<group>"; };
		F4711FBC2BE56443007FEACD /* Info.plist */ = {isa = PBXFileReference; lastKnownFileType = text.plist; path = Info.plist; sourceTree = "<group>"; };
/* End PBXFileReference section */

/* Begin PBXFrameworksBuildPhase section */
		F4369ECC2BE549DF00852AEC /* Frameworks */ = {
			isa = PBXFrameworksBuildPhase;
			buildActionMask = 2147483647;
			files = (
			);
			runOnlyForDeploymentPostprocessing = 0;
		};
		F4369EDC2BE549E000852AEC /* Frameworks */ = {
			isa = PBXFrameworksBuildPhase;
			buildActionMask = 2147483647;
			files = (
			);
			runOnlyForDeploymentPostprocessing = 0;
		};
		F4369EE62BE549E000852AEC /* Frameworks */ = {
			isa = PBXFrameworksBuildPhase;
			buildActionMask = 2147483647;
			files = (
			);
			runOnlyForDeploymentPostprocessing = 0;
		};
/* End PBXFrameworksBuildPhase section */

/* Begin PBXGroup section */
		F4369EC62BE549DF00852AEC = {
			isa = PBXGroup;
			children = (
				F4369ED12BE549DF00852AEC /* bleep-eval */,
				F4369EE22BE549E000852AEC /* bleep-evalTests */,
				F4369EEC2BE549E000852AEC /* bleep-evalUITests */,
				F4369ED02BE549DF00852AEC /* Products */,
			);
			sourceTree = "<group>";
		};
		F4369ED02BE549DF00852AEC /* Products */ = {
			isa = PBXGroup;
			children = (
				F4369ECF2BE549DF00852AEC /* bleep-eval.app */,
				F4369EDF2BE549E000852AEC /* bleep-evalTests.xctest */,
				F4369EE92BE549E000852AEC /* bleep-evalUITests.xctest */,
			);
			name = Products;
			sourceTree = "<group>";
		};
		F4369ED12BE549DF00852AEC /* bleep-eval */ = {
			isa = PBXGroup;
			children = (
				F4711FBC2BE56443007FEACD /* Info.plist */,
				F4369ED22BE549DF00852AEC /* bleep_evalApp.swift */,
				F4369ED42BE549DF00852AEC /* ContentView.swift */,
				F4369ED62BE549E000852AEC /* Assets.xcassets */,
				F4369ED82BE549E000852AEC /* Preview Content */,
			);
			path = "bleep-eval";
			sourceTree = "<group>";
		};
		F4369ED82BE549E000852AEC /* Preview Content */ = {
			isa = PBXGroup;
			children = (
				F4369ED92BE549E000852AEC /* Preview Assets.xcassets */,
			);
			path = "Preview Content";
			sourceTree = "<group>";
		};
		F4369EE22BE549E000852AEC /* bleep-evalTests */ = {
			isa = PBXGroup;
			children = (
				F4369EE32BE549E000852AEC /* bleep_evalTests.swift */,
			);
			path = "bleep-evalTests";
			sourceTree = "<group>";
		};
		F4369EEC2BE549E000852AEC /* bleep-evalUITests */ = {
			isa = PBXGroup;
			children = (
				F4369EED2BE549E000852AEC /* bleep_evalUITests.swift */,
				F4369EEF2BE549E000852AEC /* bleep_evalUITestsLaunchTests.swift */,
			);
			path = "bleep-evalUITests";
			sourceTree = "<group>";
		};
/* End PBXGroup section */

/* Begin PBXNativeTarget section */
		F4369ECE2BE549DF00852AEC /* bleep-eval */ = {
			isa = PBXNativeTarget;
			buildConfigurationList = F4369EF32BE549E000852AEC /* Build configuration list for PBXNativeTarget "bleep-eval" */;
			buildPhases = (
				F4369ECB2BE549DF00852AEC /* Sources */,
				F4369ECC2BE549DF00852AEC /* Frameworks */,
				F4369ECD2BE549DF00852AEC /* Resources */,
			);
			buildRules = (
			);
			dependencies = (
			);
			name = "bleep-eval";
			productName = "bleep-eval";
			productReference = F4369ECF2BE549DF00852AEC /* bleep-eval.app */;
			productType = "com.apple.product-type.application";
		};
		F4369EDE2BE549E000852AEC /* bleep-evalTests */ = {
			isa = PBXNativeTarget;
			buildConfigurationList = F4369EF62BE549E000852AEC /* Build configuration list for PBXNativeTarget "bleep-evalTests" */;
			buildPhases = (
				F4369EDB2BE549E000852AEC /* Sources */,
				F4369EDC2BE549E000852AEC /* Frameworks */,
				F4369EDD2BE549E000852AEC /* Resources */,
			);
			buildRules = (
			);
			dependencies = (
				F4369EE12BE549E000852AEC /* PBXTargetDependency */,
			);
			name = "bleep-evalTests";
			productName = "bleep-evalTests";
			productReference = F4369EDF2BE549E000852AEC /* bleep-evalTests.xctest */;
			productType = "com.apple.product-type.bundle.unit-test";
		};
		F4369EE82BE549E000852AEC /* bleep-evalUITests */ = {
			isa = PBXNativeTarget;
			buildConfigurationList = F4369EF92BE549E000852AEC /* Build configuration list for PBXNativeTarget "bleep-evalUITests" */;
			buildPhases = (
				F4369EE52BE549E000852AEC /* Sources */,
				F4369EE62BE549E000852AEC /* Frameworks */,
				F4369EE72BE549E000852AEC /* Resources */,
			);
			buildRules = (
			);
			dependencies = (
				F4369EEB2BE549E000852AEC /* PBXTargetDependency */,
			);
			name = "bleep-evalUITests";
			productName = "bleep-evalUITests";
			productReference = F4369EE92BE549E000852AEC /* bleep-evalUITests.xctest */;
			productType = "com.apple.product-type.bundle.ui-testing";
		};
/* End PBXNativeTarget section */

/* Begin PBXProject section */
		F4369EC72BE549DF00852AEC /* Project object */ = {
			isa = PBXProject;
			attributes = {
				BuildIndependentTargetsInParallel = 1;
				LastSwiftUpdateCheck = 1530;
				LastUpgradeCheck = 1530;
				TargetAttributes = {
					F4369ECE2BE549DF00852AEC = {
						CreatedOnToolsVersion = 15.3;
					};
					F4369EDE2BE549E000852AEC = {
						CreatedOnToolsVersion = 15.3;
						TestTargetID = F4369ECE2BE549DF00852AEC;
					};
					F4369EE82BE549E000852AEC = {
						CreatedOnToolsVersion = 15.3;
						TestTargetID = F4369ECE2BE549DF00852AEC;
					};
				};
			};
			buildConfigurationList = F4369ECA2BE549DF00852AEC /* Build configuration list for PBXProject "bleep-eval" */;
			compatibilityVersion = "Xcode 14.0";
			developmentRegion = en;
			hasScannedForEncodings = 0;
			knownRegions = (
				en,
				Base,
			);
			mainGroup = F4369EC62BE549DF00852AEC;
			productRefGroup = F4369ED02BE549DF00852AEC /* Products */;
			projectDirPath = "";
			projectRoot = "";
			targets = (
				F4369ECE2BE549DF00852AEC /* bleep-eval */,
				F4369EDE2BE549E000852AEC /* bleep-evalTests */,
				F4369EE82BE549E000852AEC /* bleep-evalUITests */,
			);
		};
/* End PBXProject section */

/* Begin PBXResourcesBuildPhase section */
		F4369ECD2BE549DF00852AEC /* Resources */ = {
			isa = PBXResourcesBuildPhase;
			buildActionMask = 2147483647;
			files = (
				F4369EDA2BE549E000852AEC /* Preview Assets.xcassets in Resources */,
				F4369ED72BE549E000852AEC /* Assets.xcassets in Resources */,
			);
			runOnlyForDeploymentPostprocessing = 0;
		};
		F4369EDD2BE549E000852AEC /* Resources */ = {
			isa = PBXResourcesBuildPhase;
			buildActionMask = 2147483647;
			files = (
			);
			runOnlyForDeploymentPostprocessing = 0;
		};
		F4369EE72BE549E000852AEC /* Resources */ = {
			isa = PBXResourcesBuildPhase;
			buildActionMask = 2147483647;
			files = (
			);
			runOnlyForDeploymentPostprocessing = 0;
		};
/* End PBXResourcesBuildPhase section */

/* Begin PBXSourcesBuildPhase section */
		F4369ECB2BE549DF00852AEC /* Sources */ = {
			isa = PBXSourcesBuildPhase;
			buildActionMask = 2147483647;
			files = (
				F4369ED52BE549DF00852AEC /* ContentView.swift in Sources */,
				F4369ED32BE549DF00852AEC /* bleep_evalApp.swift in Sources */,
			);
			runOnlyForDeploymentPostprocessing = 0;
		};
		F4369EDB2BE549E000852AEC /* Sources */ = {
			isa = PBXSourcesBuildPhase;
			buildActionMask = 2147483647;
			files = (
				F4369EE42BE549E000852AEC /* bleep_evalTests.swift in Sources */,
			);
			runOnlyForDeploymentPostprocessing = 0;
		};
		F4369EE52BE549E000852AEC /* Sources */ = {
			isa = PBXSourcesBuildPhase;
			buildActionMask = 2147483647;
			files = (
				F4369EEE2BE549E000852AEC /* bleep_evalUITests.swift in Sources */,
				F4369EF02BE549E000852AEC /* bleep_evalUITestsLaunchTests.swift in Sources */,
			);
			runOnlyForDeploymentPostprocessing = 0;
		};
/* End PBXSourcesBuildPhase section */

/* Begin PBXTargetDependency section */
		F4369EE12BE549E000852AEC /* PBXTargetDependency */ = {
			isa = PBXTargetDependency;
			target = F4369ECE2BE549DF00852AEC /* bleep-eval */;
			targetProxy = F4369EE02BE549E000852AEC /* PBXContainerItemProxy */;
		};
		F4369EEB2BE549E000852AEC /* PBXTargetDependency */ = {
			isa = PBXTargetDependency;
			target = F4369ECE2BE549DF00852AEC /* bleep-eval */;
			targetProxy = F4369EEA2BE549E000852AEC /* PBXContainerItemProxy */;
		};
/* End PBXTargetDependency section */

/* Begin XCBuildConfiguration section */
		F4369EF12BE549E000852AEC /* Debug */ = {
			isa = XCBuildConfiguration;
			buildSettings = {
				ALWAYS_SEARCH_USER_PATHS = NO;
				ASSETCATALOG_COMPILER_GENERATE_SWIFT_ASSET_SYMBOL_EXTENSIONS = YES;
				CLANG_ANALYZER_NONNULL = YES;
				CLANG_ANALYZER_NUMBER_OBJECT_CONVERSION = YES_AGGRESSIVE;
				CLANG_CXX_LANGUAGE_STANDARD = "gnu++20";
				CLANG_ENABLE_MODULES = YES;
				CLANG_ENABLE_OBJC_ARC = YES;
				CLANG_ENABLE_OBJC_WEAK = YES;
				CLANG_WARN_BLOCK_CAPTURE_AUTORELEASING = YES;
				CLANG_WARN_BOOL_CONVERSION = YES;
				CLANG_WARN_COMMA = YES;
				CLANG_WARN_CONSTANT_CONVERSION = YES;
				CLANG_WARN_DEPRECATED_OBJC_IMPLEMENTATIONS = YES;
				CLANG_WARN_DIRECT_OBJC_ISA_USAGE = YES_ERROR;
				CLANG_WARN_DOCUMENTATION_COMMENTS = YES;
				CLANG_WARN_EMPTY_BODY = YES;
				CLANG_WARN_ENUM_CONVERSION = YES;
				CLANG_WARN_INFINITE_RECURSION = YES;
				CLANG_WARN_INT_CONVERSION = YES;
				CLANG_WARN_NON_LITERAL_NULL_CONVERSION = YES;
				CLANG_WARN_OBJC_IMPLICIT_RETAIN_SELF = YES;
				CLANG_WARN_OBJC_LITERAL_CONVERSION = YES;
				CLANG_WARN_OBJC_ROOT_CLASS = YES_ERROR;
				CLANG_WARN_QUOTED_INCLUDE_IN_FRAMEWORK_HEADER = YES;
				CLANG_WARN_RANGE_LOOP_ANALYSIS = YES;
				CLANG_WARN_STRICT_PROTOTYPES = YES;
				CLANG_WARN_SUSPICIOUS_MOVE = YES;
				CLANG_WARN_UNGUARDED_AVAILABILITY = YES_AGGRESSIVE;
				CLANG_WARN_UNREACHABLE_CODE = YES;
				CLANG_WARN__DUPLICATE_METHOD_MATCH = YES;
				COPY_PHASE_STRIP = NO;
				DEBUG_INFORMATION_FORMAT = dwarf;
				ENABLE_STRICT_OBJC_MSGSEND = YES;
				ENABLE_TESTABILITY = YES;
				ENABLE_USER_SCRIPT_SANDBOXING = YES;
				GCC_C_LANGUAGE_STANDARD = gnu17;
				GCC_DYNAMIC_NO_PIC = NO;
				GCC_NO_COMMON_BLOCKS = YES;
				GCC_OPTIMIZATION_LEVEL = 0;
				GCC_PREPROCESSOR_DEFINITIONS = (
					"DEBUG=1",
					"$(inherited)",
				);
				GCC_WARN_64_TO_32_BIT_CONVERSION = YES;
				GCC_WARN_ABOUT_RETURN_TYPE = YES_ERROR;
				GCC_WARN_UNDECLARED_SELECTOR = YES;
				GCC_WARN_UNINITIALIZED_AUTOS = YES_AGGRESSIVE;
				GCC_WARN_UNUSED_FUNCTION = YES;
				GCC_WARN_UNUSED_VARIABLE = YES;
				IPHONEOS_DEPLOYMENT_TARGET = 17.4;
				LOCALIZATION_PREFERS_STRING_CATALOGS = YES;
				MTL_ENABLE_DEBUG_INFO = INCLUDE_SOURCE;
				MTL_FAST_MATH = YES;
				ONLY_ACTIVE_ARCH = YES;
				SDKROOT = iphoneos;
				SWIFT_ACTIVE_COMPILATION_CONDITIONS = "DEBUG $(inherited)";
				SWIFT_OPTIMIZATION_LEVEL = "-Onone";
			};
			name = Debug;
		};
		F4369EF22BE549E000852AEC /* Release */ = {
			isa = XCBuildConfiguration;
			buildSettings = {
				ALWAYS_SEARCH_USER_PATHS = NO;
				ASSETCATALOG_COMPILER_GENERATE_SWIFT_ASSET_SYMBOL_EXTENSIONS = YES;
				CLANG_ANALYZER_NONNULL = YES;
				CLANG_ANALYZER_NUMBER_OBJECT_CONVERSION = YES_AGGRESSIVE;
				CLANG_CXX_LANGUAGE_STANDARD = "gnu++20";
				CLANG_ENABLE_MODULES = YES;
				CLANG_ENABLE_OBJC_ARC = YES;
				CLANG_ENABLE_OBJC_WEAK = YES;
				CLANG_WARN_BLOCK_CAPTURE_AUTORELEASING = YES;
				CLANG_WARN_BOOL_CONVERSION = YES;
				CLANG_WARN_COMMA = YES;
				CLANG_WARN_CONSTANT_CONVERSION = YES;
				CLANG_WARN_DEPRECATED_OBJC_IMPLEMENTATIONS = YES;
				CLANG_WARN_DIRECT_OBJC_ISA_USAGE = YES_ERROR;
				CLANG_WARN_DOCUMENTATION_COMMENTS = YES;
				CLANG_WARN_EMPTY_BODY = YES;
				CLANG_WARN_ENUM_CONVERSION = YES;
				CLANG_WARN_INFINITE_RECURSION = YES;
				CLANG_WARN_INT_CONVERSION = YES;
				CLANG_WARN_NON_LITERAL_NULL_CONVERSION = YES;
				CLANG_WARN_OBJC_IMPLICIT_RETAIN_SELF = YES;
				CLANG_WARN_OBJC_LITERAL_CONVERSION = YES;
				CLANG_WARN_OBJC_ROOT_CLASS = YES_ERROR;
				CLANG_WARN_QUOTED_INCLUDE_IN_FRAMEWORK_HEADER = YES;
				CLANG_WARN_RANGE_LOOP_ANALYSIS = YES;
				CLANG_WARN_STRICT_PROTOTYPES = YES;
				CLANG_WARN_SUSPICIOUS_MOVE = YES;
				CLANG_WARN_UNGUARDED_AVAILABILITY = YES_AGGRESSIVE;
				CLANG_WARN_UNREACHABLE_CODE = YES;
				CLANG_WARN__DUPLICATE_METHOD_MATCH = YES;
				COPY_PHASE_STRIP = NO;
				DEBUG_INFORMATION_FORMAT = "dwarf-with-dsym";
				ENABLE_NS_ASSERTIONS = NO;
				ENABLE_STRICT_OBJC_MSGSEND = YES;
				ENABLE_USER_SCRIPT_SANDBOXING = YES;
				GCC_C_LANGUAGE_STANDARD = gnu17;
				GCC_NO_COMMON_BLOCKS = YES;
				GCC_WARN_64_TO_32_BIT_CONVERSION = YES;
				GCC_WARN_ABOUT_RETURN_TYPE = YES_ERROR;
				GCC_WARN_UNDECLARED_SELECTOR = YES;
				GCC_WARN_UNINITIALIZED_AUTOS = YES_AGGRESSIVE;
				GCC_WARN_UNUSED_FUNCTION = YES;
				GCC_WARN_UNUSED_VARIABLE = YES;
				IPHONEOS_DEPLOYMENT_TARGET = 17.4;
				LOCALIZATION_PREFERS_STRING_CATALOGS = YES;
				MTL_ENABLE_DEBUG_INFO = NO;
				MTL_FAST_MATH = YES;
				SDKROOT = iphoneos;
				SWIFT_COMPILATION_MODE = wholemodule;
				VALIDATE_PRODUCT = YES;
			};
			name = Release;
		};
		F4369EF42BE549E000852AEC /* Debug */ = {
			isa = XCBuildConfiguration;
			buildSettings = {
				ASSETCATALOG_COMPILER_APPICON_NAME = AppIcon;
				ASSETCATALOG_COMPILER_GLOBAL_ACCENT_COLOR_NAME = AccentColor;
				CODE_SIGN_STYLE = Automatic;
				CURRENT_PROJECT_VERSION = 1;
				DEVELOPMENT_ASSET_PATHS = "\"bleep-eval/Preview Content\"";
				DEVELOPMENT_TEAM = NNFJ6B47JZ;
				ENABLE_PREVIEWS = YES;
				GENERATE_INFOPLIST_FILE = YES;
				INFOPLIST_FILE = "bleep-eval/Info.plist";
				INFOPLIST_KEY_UIApplicationSceneManifest_Generation = YES;
				INFOPLIST_KEY_UIApplicationSupportsIndirectInputEvents = YES;
				INFOPLIST_KEY_UILaunchScreen_Generation = YES;
				INFOPLIST_KEY_UISupportedInterfaceOrientations_iPad = "UIInterfaceOrientationPortrait UIInterfaceOrientationPortraitUpsideDown UIInterfaceOrientationLandscapeLeft UIInterfaceOrientationLandscapeRight";
				INFOPLIST_KEY_UISupportedInterfaceOrientations_iPhone = "UIInterfaceOrientationPortrait UIInterfaceOrientationLandscapeLeft UIInterfaceOrientationLandscapeRight";
				LD_RUNPATH_SEARCH_PATHS = (
					"$(inherited)",
					"@executable_path/Frameworks",
				);
				MARKETING_VERSION = 1.0;
				PRODUCT_BUNDLE_IDENTIFIER = "simon.bleep-eval";
				PRODUCT_NAME = "$(TARGET_NAME)";
				SWIFT_EMIT_LOC_STRINGS = YES;
				SWIFT_VERSION = 5.0;
				TARGETED_DEVICE_FAMILY = "1,2";
			};
			name = Debug;
		};
		F4369EF52BE549E000852AEC /* Release */ = {
			isa = XCBuildConfiguration;
			buildSettings = {
				ASSETCATALOG_COMPILER_APPICON_NAME = AppIcon;
				ASSETCATALOG_COMPILER_GLOBAL_ACCENT_COLOR_NAME = AccentColor;
				CODE_SIGN_STYLE = Automatic;
				CURRENT_PROJECT_VERSION = 1;
				DEVELOPMENT_ASSET_PATHS = "\"bleep-eval/Preview Content\"";
				DEVELOPMENT_TEAM = NNFJ6B47JZ;
				ENABLE_PREVIEWS = YES;
				GENERATE_INFOPLIST_FILE = YES;
				INFOPLIST_FILE = "bleep-eval/Info.plist";
				INFOPLIST_KEY_UIApplicationSceneManifest_Generation = YES;
				INFOPLIST_KEY_UIApplicationSupportsIndirectInputEvents = YES;
				INFOPLIST_KEY_UILaunchScreen_Generation = YES;
				INFOPLIST_KEY_UISupportedInterfaceOrientations_iPad = "UIInterfaceOrientationPortrait UIInterfaceOrientationPortraitUpsideDown UIInterfaceOrientationLandscapeLeft UIInterfaceOrientationLandscapeRight";
				INFOPLIST_KEY_UISupportedInterfaceOrientations_iPhone = "UIInterfaceOrientationPortrait UIInterfaceOrientationLandscapeLeft UIInterfaceOrientationLandscapeRight";
				LD_RUNPATH_SEARCH_PATHS = (
					"$(inherited)",
					"@executable_path/Frameworks",
				);
				MARKETING_VERSION = 1.0;
				PRODUCT_BUNDLE_IDENTIFIER = "simon.bleep-eval";
				PRODUCT_NAME = "$(TARGET_NAME)";
				SWIFT_EMIT_LOC_STRINGS = YES;
				SWIFT_VERSION = 5.0;
				TARGETED_DEVICE_FAMILY = "1,2";
			};
			name = Release;
		};
		F4369EF72BE549E000852AEC /* Debug */ = {
			isa = XCBuildConfiguration;
			buildSettings = {
				ALWAYS_EMBED_SWIFT_STANDARD_LIBRARIES = YES;
				BUNDLE_LOADER = "$(TEST_HOST)";
				CODE_SIGN_STYLE = Automatic;
				CURRENT_PROJECT_VERSION = 1;
				DEVELOPMENT_TEAM = NNFJ6B47JZ;
				GENERATE_INFOPLIST_FILE = YES;
				IPHONEOS_DEPLOYMENT_TARGET = 17.4;
				MARKETING_VERSION = 1.0;
				PRODUCT_BUNDLE_IDENTIFIER = "simon.bleep-evalTests";
				PRODUCT_NAME = "$(TARGET_NAME)";
				SWIFT_EMIT_LOC_STRINGS = NO;
				SWIFT_VERSION = 5.0;
				TARGETED_DEVICE_FAMILY = "1,2";
				TEST_HOST = "$(BUILT_PRODUCTS_DIR)/bleep-eval.app/$(BUNDLE_EXECUTABLE_FOLDER_PATH)/bleep-eval";
			};
			name = Debug;
		};
		F4369EF82BE549E000852AEC /* Release */ = {
			isa = XCBuildConfiguration;
			buildSettings = {
				ALWAYS_EMBED_SWIFT_STANDARD_LIBRARIES = YES;
				BUNDLE_LOADER = "$(TEST_HOST)";
				CODE_SIGN_STYLE = Automatic;
				CURRENT_PROJECT_VERSION = 1;
				DEVELOPMENT_TEAM = NNFJ6B47JZ;
				GENERATE_INFOPLIST_FILE = YES;
				IPHONEOS_DEPLOYMENT_TARGET = 17.4;
				MARKETING_VERSION = 1.0;
				PRODUCT_BUNDLE_IDENTIFIER = "simon.bleep-evalTests";
				PRODUCT_NAME = "$(TARGET_NAME)";
				SWIFT_EMIT_LOC_STRINGS = NO;
				SWIFT_VERSION = 5.0;
				TARGETED_DEVICE_FAMILY = "1,2";
				TEST_HOST = "$(BUILT_PRODUCTS_DIR)/bleep-eval.app/$(BUNDLE_EXECUTABLE_FOLDER_PATH)/bleep-eval";
			};
			name = Release;
		};
		F4369EFA2BE549E000852AEC /* Debug */ = {
			isa = XCBuildConfiguration;
			buildSettings = {
				ALWAYS_EMBED_SWIFT_STANDARD_LIBRARIES = YES;
				CODE_SIGN_STYLE = Automatic;
				CURRENT_PROJECT_VERSION = 1;
				DEVELOPMENT_TEAM = NNFJ6B47JZ;
				GENERATE_INFOPLIST_FILE = YES;
				MARKETING_VERSION = 1.0;
				PRODUCT_BUNDLE_IDENTIFIER = "simon.bleep-evalUITests";
				PRODUCT_NAME = "$(TARGET_NAME)";
				SWIFT_EMIT_LOC_STRINGS = NO;
				SWIFT_VERSION = 5.0;
				TARGETED_DEVICE_FAMILY = "1,2";
				TEST_TARGET_NAME = "bleep-eval";
			};
			name = Debug;
		};
		F4369EFB2BE549E000852AEC /* Release */ = {
			isa = XCBuildConfiguration;
			buildSettings = {
				ALWAYS_EMBED_SWIFT_STANDARD_LIBRARIES = YES;
				CODE_SIGN_STYLE = Automatic;
				CURRENT_PROJECT_VERSION = 1;
				DEVELOPMENT_TEAM = NNFJ6B47JZ;
				GENERATE_INFOPLIST_FILE = YES;
				MARKETING_VERSION = 1.0;
				PRODUCT_BUNDLE_IDENTIFIER = "simon.bleep-evalUITests";
				PRODUCT_NAME = "$(TARGET_NAME)";
				SWIFT_EMIT_LOC_STRINGS = NO;
				SWIFT_VERSION = 5.0;
				TARGETED_DEVICE_FAMILY = "1,2";
				TEST_TARGET_NAME = "bleep-eval";
			};
			name = Release;
		};
/* End XCBuildConfiguration section */

/* Begin XCConfigurationList section */
		F4369ECA2BE549DF00852AEC /* Build configuration list for PBXProject "bleep-eval" */ = {
			isa = XCConfigurationList;
			buildConfigurations = (
				F4369EF12BE549E000852AEC /* Debug */,
				F4369EF22BE549E000852AEC /* Release */,
			);
			defaultConfigurationIsVisible = 0;
			defaultConfigurationName = Release;
		};
		F4369EF32BE549E000852AEC /* Build configuration list for PBXNativeTarget "bleep-eval" */ = {
			isa = XCConfigurationList;
			buildConfigurations = (
				F4369EF42BE549E000852AEC /* Debug */,
				F4369EF52BE549E000852AEC /* Release */,
			);
			defaultConfigurationIsVisible = 0;
			defaultConfigurationName = Release;
		};
		F4369EF62BE549E000852AEC /* Build configuration list for PBXNativeTarget "bleep-evalTests" */ = {
			isa = XCConfigurationList;
			buildConfigurations = (
				F4369EF72BE549E000852AEC /* Debug */,
				F4369EF82BE549E000852AEC /* Release */,
			);
			defaultConfigurationIsVisible = 0;
			defaultConfigurationName = Release;
		};
		F4369EF92BE549E000852AEC /* Build configuration list for PBXNativeTarget "bleep-evalUITests" */ = {
			isa = XCConfigurationList;
			buildConfigurations = (
				F4369EFA2BE549E000852AEC /* Debug */,
				F4369EFB2BE549E000852AEC /* Release */,
			);
			defaultConfigurationIsVisible = 0;
			defaultConfigurationName = Release;
		};
/* End XCConfigurationList section */
	};
	rootObject = F4369EC72BE549DF00852AEC /* Project object */;
}
